
Microsoft Visual Studio Solution File, Format Version 12.00
# Visual Studio 2012
Project("{FAE04EC0-301F-11D3-BF4B-00C04F79EFBC}") = "1-WebForm", "WebForm\1-WebForm\1-WebForm.csproj", "{F1578FB9-560B-4078-B020-9767C11F382F}"
EndProject
Project("{FAE04EC0-301F-11D3-BF4B-00C04F79EFBC}") = "Teste", "xFramework\Teste\Teste.csproj", "{D786D1C4-B3C4-4165-AAD1-0802F174CDC8}"
EndProject
Project("{FAE04EC0-301F-11D3-BF4B-00C04F79EFBC}") = "2-Library", "Library\2-Library\2-Library.csproj", "{B7C5045E-7D7B-4584-AAB2-78FB9664642E}"
EndProject
Project("{FAE04EC0-301F-11D3-BF4B-00C04F79EFBC}") = "1-WebForm.Painel2", "WebForm\1-WebForm.Painel2\1-WebForm.Painel2.csproj", "{24BA2855-B4A8-48FD-A21E-35DF89EB2EAC}"
EndProject
Project("{FAE04EC0-301F-11D3-BF4B-00C04F79EFBC}") = "Uol.PagSeguro", "xFramework\PagSeguro\Uol.PagSeguro\Uol.PagSeguro.csproj", "{BABC5658-6AFD-4F8E-81F1-434553663D99}"
EndProject
Project("{FAE04EC0-301F-11D3-BF4B-00C04F79EFBC}") = "OAuth2", "xFramework\OAuth2-master\OAuth2\OAuth2.csproj", "{C95637CD-25E5-483E-9C74-89FE3ADB999B}"
EndProject
Project("{FAE04EC0-301F-11D3-BF4B-00C04F79EFBC}") = "TesteApi", "..\TesteApi\TesteApi\TesteApi.csproj", "{EDE32D10-65AC-4197-9647-84BBB247B380}"
EndProject
Project("{FAE04EC0-301F-11D3-BF4B-00C04F79EFBC}") = "TesteConsole", "TestConsole\TesteConsole\TesteConsole.csproj", "{1ED375D8-025B-4515-BD0B-87FF1012F5C7}"
EndProject
Global
	GlobalSection(SolutionConfigurationPlatforms) = preSolution
		CodeAnalysis|.NET = CodeAnalysis|.NET
		CodeAnalysis|Any CPU = CodeAnalysis|Any CPU
		CodeAnalysis|Mixed Platforms = CodeAnalysis|Mixed Platforms
		Debug|.NET = Debug|.NET
		Debug|Any CPU = Debug|Any CPU
		Debug|Mixed Platforms = Debug|Mixed Platforms
		Deploy|.NET = Deploy|.NET
		Deploy|Any CPU = Deploy|Any CPU
		Deploy|Mixed Platforms = Deploy|Mixed Platforms
		Release|.NET = Release|.NET
		Release|Any CPU = Release|Any CPU
		Release|Mixed Platforms = Release|Mixed Platforms
	EndGlobalSection
	GlobalSection(ProjectConfigurationPlatforms) = postSolution
		{F1578FB9-560B-4078-B020-9767C11F382F}.CodeAnalysis|.NET.ActiveCfg = Release|Any CPU
		{F1578FB9-560B-4078-B020-9767C11F382F}.CodeAnalysis|Any CPU.ActiveCfg = Release|Any CPU
		{F1578FB9-560B-4078-B020-9767C11F382F}.CodeAnalysis|Any CPU.Build.0 = Release|Any CPU
		{F1578FB9-560B-4078-B020-9767C11F382F}.CodeAnalysis|Mixed Platforms.ActiveCfg = Release|Any CPU
		{F1578FB9-560B-4078-B020-9767C11F382F}.CodeAnalysis|Mixed Platforms.Build.0 = Release|Any CPU
		{F1578FB9-560B-4078-B020-9767C11F382F}.Debug|.NET.ActiveCfg = Debug|Any CPU
		{F1578FB9-560B-4078-B020-9767C11F382F}.Debug|Any CPU.ActiveCfg = Debug|Any CPU
		{F1578FB9-560B-4078-B020-9767C11F382F}.Debug|Any CPU.Build.0 = Debug|Any CPU
		{F1578FB9-560B-4078-B020-9767C11F382F}.Debug|Mixed Platforms.ActiveCfg = Debug|Any CPU
		{F1578FB9-560B-4078-B020-9767C11F382F}.Debug|Mixed Platforms.Build.0 = Debug|Any CPU
		{F1578FB9-560B-4078-B020-9767C11F382F}.Deploy|.NET.ActiveCfg = Debug|Any CPU
		{F1578FB9-560B-4078-B020-9767C11F382F}.Deploy|Any CPU.ActiveCfg = Debug|Any CPU
		{F1578FB9-560B-4078-B020-9767C11F382F}.Deploy|Any CPU.Build.0 = Debug|Any CPU
		{F1578FB9-560B-4078-B020-9767C11F382F}.Deploy|Mixed Platforms.ActiveCfg = Debug|Any CPU
		{F1578FB9-560B-4078-B020-9767C11F382F}.Deploy|Mixed Platforms.Build.0 = Debug|Any CPU
		{F1578FB9-560B-4078-B020-9767C11F382F}.Release|.NET.ActiveCfg = Release|Any CPU
		{F1578FB9-560B-4078-B020-9767C11F382F}.Release|Any CPU.ActiveCfg = Release|Any CPU
		{F1578FB9-560B-4078-B020-9767C11F382F}.Release|Any CPU.Build.0 = Release|Any CPU
		{F1578FB9-560B-4078-B020-9767C11F382F}.Release|Mixed Platforms.ActiveCfg = Release|Any CPU
		{F1578FB9-560B-4078-B020-9767C11F382F}.Release|Mixed Platforms.Build.0 = Release|Any CPU
		{D786D1C4-B3C4-4165-AAD1-0802F174CDC8}.CodeAnalysis|.NET.ActiveCfg = Release|Any CPU
		{D786D1C4-B3C4-4165-AAD1-0802F174CDC8}.CodeAnalysis|Any CPU.ActiveCfg = Release|Any CPU
		{D786D1C4-B3C4-4165-AAD1-0802F174CDC8}.CodeAnalysis|Any CPU.Build.0 = Release|Any CPU
		{D786D1C4-B3C4-4165-AAD1-0802F174CDC8}.CodeAnalysis|Mixed Platforms.ActiveCfg = Release|Any CPU
		{D786D1C4-B3C4-4165-AAD1-0802F174CDC8}.CodeAnalysis|Mixed Platforms.Build.0 = Release|Any CPU
		{D786D1C4-B3C4-4165-AAD1-0802F174CDC8}.Debug|.NET.ActiveCfg = Debug|Any CPU
		{D786D1C4-B3C4-4165-AAD1-0802F174CDC8}.Debug|Any CPU.ActiveCfg = Debug|Any CPU
		{D786D1C4-B3C4-4165-AAD1-0802F174CDC8}.Debug|Any CPU.Build.0 = Debug|Any CPU
		{D786D1C4-B3C4-4165-AAD1-0802F174CDC8}.Debug|Mixed Platforms.ActiveCfg = Debug|Any CPU
		{D786D1C4-B3C4-4165-AAD1-0802F174CDC8}.Debug|Mixed Platforms.Build.0 = Debug|Any CPU
		{D786D1C4-B3C4-4165-AAD1-0802F174CDC8}.Deploy|.NET.ActiveCfg = Debug|Any CPU
		{D786D1C4-B3C4-4165-AAD1-0802F174CDC8}.Deploy|Any CPU.ActiveCfg = Debug|Any CPU
		{D786D1C4-B3C4-4165-AAD1-0802F174CDC8}.Deploy|Any CPU.Build.0 = Debug|Any CPU
		{D786D1C4-B3C4-4165-AAD1-0802F174CDC8}.Deploy|Mixed Platforms.ActiveCfg = Debug|Any CPU
		{D786D1C4-B3C4-4165-AAD1-0802F174CDC8}.Deploy|Mixed Platforms.Build.0 = Debug|Any CPU
		{D786D1C4-B3C4-4165-AAD1-0802F174CDC8}.Release|.NET.ActiveCfg = Release|Any CPU
		{D786D1C4-B3C4-4165-AAD1-0802F174CDC8}.Release|Any CPU.ActiveCfg = Release|Any CPU
		{D786D1C4-B3C4-4165-AAD1-0802F174CDC8}.Release|Any CPU.Build.0 = Release|Any CPU
		{D786D1C4-B3C4-4165-AAD1-0802F174CDC8}.Release|Mixed Platforms.ActiveCfg = Release|Any CPU
		{D786D1C4-B3C4-4165-AAD1-0802F174CDC8}.Release|Mixed Platforms.Build.0 = Release|Any CPU
		{B7C5045E-7D7B-4584-AAB2-78FB9664642E}.CodeAnalysis|.NET.ActiveCfg = Release|Any CPU
		{B7C5045E-7D7B-4584-AAB2-78FB9664642E}.CodeAnalysis|Any CPU.ActiveCfg = Release|Any CPU
		{B7C5045E-7D7B-4584-AAB2-78FB9664642E}.CodeAnalysis|Any CPU.Build.0 = Release|Any CPU
		{B7C5045E-7D7B-4584-AAB2-78FB9664642E}.CodeAnalysis|Mixed Platforms.ActiveCfg = Release|Any CPU
		{B7C5045E-7D7B-4584-AAB2-78FB9664642E}.CodeAnalysis|Mixed Platforms.Build.0 = Release|Any CPU
		{B7C5045E-7D7B-4584-AAB2-78FB9664642E}.Debug|.NET.ActiveCfg = Debug|Any CPU
		{B7C5045E-7D7B-4584-AAB2-78FB9664642E}.Debug|Any CPU.ActiveCfg = Debug|Any CPU
		{B7C5045E-7D7B-4584-AAB2-78FB9664642E}.Debug|Any CPU.Build.0 = Debug|Any CPU
		{B7C5045E-7D7B-4584-AAB2-78FB9664642E}.Debug|Mixed Platforms.ActiveCfg = Debug|Any CPU
		{B7C5045E-7D7B-4584-AAB2-78FB9664642E}.Debug|Mixed Platforms.Build.0 = Debug|Any CPU
		{B7C5045E-7D7B-4584-AAB2-78FB9664642E}.Deploy|.NET.ActiveCfg = Debug|Any CPU
		{B7C5045E-7D7B-4584-AAB2-78FB9664642E}.Deploy|Any CPU.ActiveCfg = Debug|Any CPU
		{B7C5045E-7D7B-4584-AAB2-78FB9664642E}.Deploy|Any CPU.Build.0 = Debug|Any CPU
		{B7C5045E-7D7B-4584-AAB2-78FB9664642E}.Deploy|Mixed Platforms.ActiveCfg = Debug|Any CPU
		{B7C5045E-7D7B-4584-AAB2-78FB9664642E}.Deploy|Mixed Platforms.Build.0 = Debug|Any CPU
		{B7C5045E-7D7B-4584-AAB2-78FB9664642E}.Release|.NET.ActiveCfg = Release|Any CPU
		{B7C5045E-7D7B-4584-AAB2-78FB9664642E}.Release|Any CPU.ActiveCfg = Release|Any CPU
		{B7C5045E-7D7B-4584-AAB2-78FB9664642E}.Release|Any CPU.Build.0 = Release|Any CPU
		{B7C5045E-7D7B-4584-AAB2-78FB9664642E}.Release|Mixed Platforms.ActiveCfg = Release|Any CPU
		{B7C5045E-7D7B-4584-AAB2-78FB9664642E}.Release|Mixed Platforms.Build.0 = Release|Any CPU
		{24BA2855-B4A8-48FD-A21E-35DF89EB2EAC}.CodeAnalysis|.NET.ActiveCfg = Release|Any CPU
		{24BA2855-B4A8-48FD-A21E-35DF89EB2EAC}.CodeAnalysis|Any CPU.ActiveCfg = Release|Any CPU
		{24BA2855-B4A8-48FD-A21E-35DF89EB2EAC}.CodeAnalysis|Any CPU.Build.0 = Release|Any CPU
		{24BA2855-B4A8-48FD-A21E-35DF89EB2EAC}.CodeAnalysis|Mixed Platforms.ActiveCfg = Release|Any CPU
		{24BA2855-B4A8-48FD-A21E-35DF89EB2EAC}.CodeAnalysis|Mixed Platforms.Build.0 = Release|Any CPU
		{24BA2855-B4A8-48FD-A21E-35DF89EB2EAC}.Debug|.NET.ActiveCfg = Debug|Any CPU
		{24BA2855-B4A8-48FD-A21E-35DF89EB2EAC}.Debug|Any CPU.ActiveCfg = Debug|Any CPU
		{24BA2855-B4A8-48FD-A21E-35DF89EB2EAC}.Debug|Any CPU.Build.0 = Debug|Any CPU
		{24BA2855-B4A8-48FD-A21E-35DF89EB2EAC}.Debug|Mixed Platforms.ActiveCfg = Debug|Any CPU
		{24BA2855-B4A8-48FD-A21E-35DF89EB2EAC}.Debug|Mixed Platforms.Build.0 = Debug|Any CPU
		{24BA2855-B4A8-48FD-A21E-35DF89EB2EAC}.Deploy|.NET.ActiveCfg = Debug|Any CPU
		{24BA2855-B4A8-48FD-A21E-35DF89EB2EAC}.Deploy|Any CPU.ActiveCfg = Debug|Any CPU
		{24BA2855-B4A8-48FD-A21E-35DF89EB2EAC}.Deploy|Any CPU.Build.0 = Debug|Any CPU
		{24BA2855-B4A8-48FD-A21E-35DF89EB2EAC}.Deploy|Mixed Platforms.ActiveCfg = Debug|Any CPU
		{24BA2855-B4A8-48FD-A21E-35DF89EB2EAC}.Deploy|Mixed Platforms.Build.0 = Debug|Any CPU
		{24BA2855-B4A8-48FD-A21E-35DF89EB2EAC}.Release|.NET.ActiveCfg = Release|Any CPU
		{24BA2855-B4A8-48FD-A21E-35DF89EB2EAC}.Release|Any CPU.ActiveCfg = Release|Any CPU
		{24BA2855-B4A8-48FD-A21E-35DF89EB2EAC}.Release|Any CPU.Build.0 = Release|Any CPU
		{24BA2855-B4A8-48FD-A21E-35DF89EB2EAC}.Release|Mixed Platforms.ActiveCfg = Release|Any CPU
		{24BA2855-B4A8-48FD-A21E-35DF89EB2EAC}.Release|Mixed Platforms.Build.0 = Release|Any CPU
		{BABC5658-6AFD-4F8E-81F1-434553663D99}.CodeAnalysis|.NET.ActiveCfg = Release|Any CPU
		{BABC5658-6AFD-4F8E-81F1-434553663D99}.CodeAnalysis|Any CPU.ActiveCfg = Release|Any CPU
		{BABC5658-6AFD-4F8E-81F1-434553663D99}.CodeAnalysis|Any CPU.Build.0 = Release|Any CPU
		{BABC5658-6AFD-4F8E-81F1-434553663D99}.CodeAnalysis|Mixed Platforms.ActiveCfg = Release|Any CPU
		{BABC5658-6AFD-4F8E-81F1-434553663D99}.CodeAnalysis|Mixed Platforms.Build.0 = Release|Any CPU
		{BABC5658-6AFD-4F8E-81F1-434553663D99}.Debug|.NET.ActiveCfg = Debug|Any CPU
		{BABC5658-6AFD-4F8E-81F1-434553663D99}.Debug|Any CPU.ActiveCfg = Debug|Any CPU
		{BABC5658-6AFD-4F8E-81F1-434553663D99}.Debug|Any CPU.Build.0 = Debug|Any CPU
		{BABC5658-6AFD-4F8E-81F1-434553663D99}.Debug|Mixed Platforms.ActiveCfg = Debug|Any CPU
		{BABC5658-6AFD-4F8E-81F1-434553663D99}.Debug|Mixed Platforms.Build.0 = Debug|Any CPU
		{BABC5658-6AFD-4F8E-81F1-434553663D99}.Deploy|.NET.ActiveCfg = Debug|Any CPU
		{BABC5658-6AFD-4F8E-81F1-434553663D99}.Deploy|Any CPU.ActiveCfg = Debug|Any CPU
		{BABC5658-6AFD-4F8E-81F1-434553663D99}.Deploy|Any CPU.Build.0 = Debug|Any CPU
		{BABC5658-6AFD-4F8E-81F1-434553663D99}.Deploy|Mixed Platforms.ActiveCfg = Debug|Any CPU
		{BABC5658-6AFD-4F8E-81F1-434553663D99}.Deploy|Mixed Platforms.Build.0 = Debug|Any CPU
		{BABC5658-6AFD-4F8E-81F1-434553663D99}.Release|.NET.ActiveCfg = Release|Any CPU
		{BABC5658-6AFD-4F8E-81F1-434553663D99}.Release|Any CPU.ActiveCfg = Release|Any CPU
		{BABC5658-6AFD-4F8E-81F1-434553663D99}.Release|Any CPU.Build.0 = Release|Any CPU
		{BABC5658-6AFD-4F8E-81F1-434553663D99}.Release|Mixed Platforms.ActiveCfg = Release|Any CPU
		{BABC5658-6AFD-4F8E-81F1-434553663D99}.Release|Mixed Platforms.Build.0 = Release|Any CPU
		{C95637CD-25E5-483E-9C74-89FE3ADB999B}.CodeAnalysis|.NET.ActiveCfg = Release|Any CPU
		{C95637CD-25E5-483E-9C74-89FE3ADB999B}.CodeAnalysis|Any CPU.ActiveCfg = Release|Any CPU
		{C95637CD-25E5-483E-9C74-89FE3ADB999B}.CodeAnalysis|Any CPU.Build.0 = Release|Any CPU
		{C95637CD-25E5-483E-9C74-89FE3ADB999B}.CodeAnalysis|Mixed Platforms.ActiveCfg = Release|Any CPU
		{C95637CD-25E5-483E-9C74-89FE3ADB999B}.CodeAnalysis|Mixed Platforms.Build.0 = Release|Any CPU
		{C95637CD-25E5-483E-9C74-89FE3ADB999B}.Debug|.NET.ActiveCfg = Debug|Any CPU
		{C95637CD-25E5-483E-9C74-89FE3ADB999B}.Debug|Any CPU.ActiveCfg = Debug|Any CPU
		{C95637CD-25E5-483E-9C74-89FE3ADB999B}.Debug|Any CPU.Build.0 = Debug|Any CPU
		{C95637CD-25E5-483E-9C74-89FE3ADB999B}.Debug|Mixed Platforms.ActiveCfg = Debug|Any CPU
		{C95637CD-25E5-483E-9C74-89FE3ADB999B}.Deploy|.NET.ActiveCfg = Debug|Any CPU
		{C95637CD-25E5-483E-9C74-89FE3ADB999B}.Deploy|Any CPU.ActiveCfg = Debug|Any CPU
		{C95637CD-25E5-483E-9C74-89FE3ADB999B}.Deploy|Any CPU.Build.0 = Debug|Any CPU
		{C95637CD-25E5-483E-9C74-89FE3ADB999B}.Deploy|Mixed Platforms.ActiveCfg = Debug|Any CPU
		{C95637CD-25E5-483E-9C74-89FE3ADB999B}.Deploy|Mixed Platforms.Build.0 = Debug|Any CPU
		{C95637CD-25E5-483E-9C74-89FE3ADB999B}.Release|.NET.ActiveCfg = Release|Any CPU
		{C95637CD-25E5-483E-9C74-89FE3ADB999B}.Release|Any CPU.ActiveCfg = Release|Any CPU
		{C95637CD-25E5-483E-9C74-89FE3ADB999B}.Release|Any CPU.Build.0 = Release|Any CPU
		{C95637CD-25E5-483E-9C74-89FE3ADB999B}.Release|Mixed Platforms.ActiveCfg = Release|Any CPU
		{EDE32D10-65AC-4197-9647-84BBB247B380}.CodeAnalysis|.NET.ActiveCfg = Release|Any CPU
		{EDE32D10-65AC-4197-9647-84BBB247B380}.CodeAnalysis|Any CPU.ActiveCfg = Release|Any CPU
		{EDE32D10-65AC-4197-9647-84BBB247B380}.CodeAnalysis|Any CPU.Build.0 = Release|Any CPU
		{EDE32D10-65AC-4197-9647-84BBB247B380}.CodeAnalysis|Mixed Platforms.ActiveCfg = Release|Any CPU
		{EDE32D10-65AC-4197-9647-84BBB247B380}.CodeAnalysis|Mixed Platforms.Build.0 = Release|Any CPU
		{EDE32D10-65AC-4197-9647-84BBB247B380}.Debug|.NET.ActiveCfg = Debug|Any CPU
		{EDE32D10-65AC-4197-9647-84BBB247B380}.Debug|Any CPU.ActiveCfg = Debug|Any CPU
		{EDE32D10-65AC-4197-9647-84BBB247B380}.Debug|Any CPU.Build.0 = Debug|Any CPU
		{EDE32D10-65AC-4197-9647-84BBB247B380}.Debug|Mixed Platforms.ActiveCfg = Debug|Any CPU
		{EDE32D10-65AC-4197-9647-84BBB247B380}.Debug|Mixed Platforms.Build.0 = Debug|Any CPU
		{EDE32D10-65AC-4197-9647-84BBB247B380}.Deploy|.NET.ActiveCfg = Debug|Any CPU
		{EDE32D10-65AC-4197-9647-84BBB247B380}.Deploy|Any CPU.ActiveCfg = Debug|Any CPU
		{EDE32D10-65AC-4197-9647-84BBB247B380}.Deploy|Any CPU.Build.0 = Debug|Any CPU
		{EDE32D10-65AC-4197-9647-84BBB247B380}.Deploy|Mixed Platforms.ActiveCfg = Debug|Any CPU
		{EDE32D10-65AC-4197-9647-84BBB247B380}.Deploy|Mixed Platforms.Build.0 = Debug|Any CPU
		{EDE32D10-65AC-4197-9647-84BBB247B380}.Release|.NET.ActiveCfg = Release|Any CPU
		{EDE32D10-65AC-4197-9647-84BBB247B380}.Release|Any CPU.ActiveCfg = Release|Any CPU
		{EDE32D10-65AC-4197-9647-84BBB247B380}.Release|Any CPU.Build.0 = Release|Any CPU
		{EDE32D10-65AC-4197-9647-84BBB247B380}.Release|Mixed Platforms.ActiveCfg = Release|Any CPU
		{EDE32D10-65AC-4197-9647-84BBB247B380}.Release|Mixed Platforms.Build.0 = Release|Any CPU
		{1ED375D8-025B-4515-BD0B-87FF1012F5C7}.CodeAnalysis|.NET.ActiveCfg = Release|Any CPU
		{1ED375D8-025B-4515-BD0B-87FF1012F5C7}.CodeAnalysis|Any CPU.ActiveCfg = Release|Any CPU
		{1ED375D8-025B-4515-BD0B-87FF1012F5C7}.CodeAnalysis|Any CPU.Build.0 = Release|Any CPU
		{1ED375D8-025B-4515-BD0B-87FF1012F5C7}.CodeAnalysis|Mixed Platforms.ActiveCfg = Release|Any CPU
		{1ED375D8-025B-4515-BD0B-87FF1012F5C7}.CodeAnalysis|Mixed Platforms.Build.0 = Release|Any CPU
		{1ED375D8-025B-4515-BD0B-87FF1012F5C7}.Debug|.NET.ActiveCfg = Debug|Any CPU
		{1ED375D8-025B-4515-BD0B-87FF1012F5C7}.Debug|Any CPU.ActiveCfg = Debug|Any CPU
		{1ED375D8-025B-4515-BD0B-87FF1012F5C7}.Debug|Any CPU.Build.0 = Debug|Any CPU
		{1ED375D8-025B-4515-BD0B-87FF1012F5C7}.Debug|Mixed Platforms.ActiveCfg = Debug|Any CPU
		{1ED375D8-025B-4515-BD0B-87FF1012F5C7}.Debug|Mixed Platforms.Build.0 = Debug|Any CPU
		{1ED375D8-025B-4515-BD0B-87FF1012F5C7}.Deploy|.NET.ActiveCfg = Debug|Any CPU
		{1ED375D8-025B-4515-BD0B-87FF1012F5C7}.Deploy|Any CPU.ActiveCfg = Debug|Any CPU
		{1ED375D8-025B-4515-BD0B-87FF1012F5C7}.Deploy|Any CPU.Build.0 = Debug|Any CPU
		{1ED375D8-025B-4515-BD0B-87FF1012F5C7}.Deploy|Mixed Platforms.ActiveCfg = Debug|Any CPU
		{1ED375D8-025B-4515-BD0B-87FF1012F5C7}.Deploy|Mixed Platforms.Build.0 = Debug|Any CPU
		{1ED375D8-025B-4515-BD0B-87FF1012F5C7}.Release|.NET.ActiveCfg = Release|Any CPU
		{1ED375D8-025B-4515-BD0B-87FF1012F5C7}.Release|Any CPU.ActiveCfg = Release|Any CPU
		{1ED375D8-025B-4515-BD0B-87FF1012F5C7}.Release|Any CPU.Build.0 = Release|Any CPU
		{1ED375D8-025B-4515-BD0B-87FF1012F5C7}.Release|Mixed Platforms.ActiveCfg = Release|Any CPU
		{1ED375D8-025B-4515-BD0B-87FF1012F5C7}.Release|Mixed Platforms.Build.0 = Release|Any CPU
	EndGlobalSection
	GlobalSection(SolutionProperties) = preSolution
		HideSolutionNode = FALSE
	EndGlobalSection
	GlobalSection(SpecExplorer.ActivityCompletionStatus) = preSolution
		SpecExplorer.ActivityCompletionStatus = 
	EndGlobalSection
EndGlobal
